// !$*UTF8*$!
{
	archiveVersion = 1;
	classes = {
	};
	objectVersion = 46;
	objects = {

/* Begin PBXBuildFile section */
		721876E51B87684700581701 /* MusicTableViewCell.swift in Sources */ = {isa = PBXBuildFile; fileRef = 721876E41B87684700581701 /* MusicTableViewCell.swift */; };
		72CCC31A1B875F4F00A359C8 /* AppDelegate.swift in Sources */ = {isa = PBXBuildFile; fileRef = 72CCC3191B875F4F00A359C8 /* AppDelegate.swift */; };
		72CCC31D1B875F4F00A359C8 /* The59Sounds.xcdatamodeld in Sources */ = {isa = PBXBuildFile; fileRef = 72CCC31B1B875F4F00A359C8 /* The59Sounds.xcdatamodeld */; };
		72CCC3221B875F4F00A359C8 /* Main.storyboard in Resources */ = {isa = PBXBuildFile; fileRef = 72CCC3201B875F4F00A359C8 /* Main.storyboard */; };
		72CCC3241B875F4F00A359C8 /* Images.xcassets in Resources */ = {isa = PBXBuildFile; fileRef = 72CCC3231B875F4F00A359C8 /* Images.xcassets */; };
		72CCC3271B875F4F00A359C8 /* LaunchScreen.xib in Resources */ = {isa = PBXBuildFile; fileRef = 72CCC3251B875F4F00A359C8 /* LaunchScreen.xib */; };
		72CCC3331B875F4F00A359C8 /* The59SoundsTests.swift in Sources */ = {isa = PBXBuildFile; fileRef = 72CCC3321B875F4F00A359C8 /* The59SoundsTests.swift */; };
		72CCC33D1B87603200A359C8 /* MusicListTableViewController.swift in Sources */ = {isa = PBXBuildFile; fileRef = 72CCC33C1B87603200A359C8 /* MusicListTableViewController.swift */; };
		72CCC33F1B87628300A359C8 /* NewMusicViewController.swift in Sources */ = {isa = PBXBuildFile; fileRef = 72CCC33E1B87628300A359C8 /* NewMusicViewController.swift */; };
		72CCC3411B87632800A359C8 /* Music.swift in Sources */ = {isa = PBXBuildFile; fileRef = 72CCC3401B87632800A359C8 /* Music.swift */; };
/* End PBXBuildFile section */

/* Begin PBXContainerItemProxy section */
		72CCC32D1B875F4F00A359C8 /* PBXContainerItemProxy */ = {
			isa = PBXContainerItemProxy;
			containerPortal = 72CCC30C1B875F4F00A359C8 /* Project object */;
			proxyType = 1;
			remoteGlobalIDString = 72CCC3131B875F4F00A359C8;
			remoteInfo = The59Sounds;
		};
/* End PBXContainerItemProxy section */

/* Begin PBXFileReference section */
		721876E41B87684700581701 /* MusicTableViewCell.swift */ = {isa = PBXFileReference; fileEncoding = 4; lastKnownFileType = sourcecode.swift; path = MusicTableViewCell.swift; sourceTree = "<group>"; };
		72CCC3141B875F4F00A359C8 /* The59Sounds.app */ = {isa = PBXFileReference; explicitFileType = wrapper.application; includeInIndex = 0; path = The59Sounds.app; sourceTree = BUILT_PRODUCTS_DIR; };
		72CCC3181B875F4F00A359C8 /* Info.plist */ = {isa = PBXFileReference; lastKnownFileType = text.plist.xml; path = Info.plist; sourceTree = "<group>"; };
		72CCC3191B875F4F00A359C8 /* AppDelegate.swift */ = {isa = PBXFileReference; lastKnownFileType = sourcecode.swift; path = AppDelegate.swift; sourceTree = "<group>"; };
		72CCC31C1B875F4F00A359C8 /* The59Sounds.xcdatamodel */ = {isa = PBXFileReference; lastKnownFileType = wrapper.xcdatamodel; path = The59Sounds.xcdatamodel; sourceTree = "<group>"; };
		72CCC3211B875F4F00A359C8 /* Base */ = {isa = PBXFileReference; lastKnownFileType = file.storyboard; name = Base; path = Base.lproj/Main.storyboard; sourceTree = "<group>"; };
		72CCC3231B875F4F00A359C8 /* Images.xcassets */ = {isa = PBXFileReference; lastKnownFileType = folder.assetcatalog; path = Images.xcassets; sourceTree = "<group>"; };
		72CCC3261B875F4F00A359C8 /* Base */ = {isa = PBXFileReference; lastKnownFileType = file.xib; name = Base; path = Base.lproj/LaunchScreen.xib; sourceTree = "<group>"; };
		72CCC32C1B875F4F00A359C8 /* The59SoundsTests.xctest */ = {isa = PBXFileReference; explicitFileType = wrapper.cfbundle; includeInIndex = 0; path = The59SoundsTests.xctest; sourceTree = BUILT_PRODUCTS_DIR; };
		72CCC3311B875F4F00A359C8 /* Info.plist */ = {isa = PBXFileReference; lastKnownFileType = text.plist.xml; path = Info.plist; sourceTree = "<group>"; };
		72CCC3321B875F4F00A359C8 /* The59SoundsTests.swift */ = {isa = PBXFileReference; lastKnownFileType = sourcecode.swift; path = The59SoundsTests.swift; sourceTree = "<group>"; };
		72CCC33C1B87603200A359C8 /* MusicListTableViewController.swift */ = {isa = PBXFileReference; fileEncoding = 4; lastKnownFileType = sourcecode.swift; path = MusicListTableViewController.swift; sourceTree = "<group>"; };
		72CCC33E1B87628300A359C8 /* NewMusicViewController.swift */ = {isa = PBXFileReference; fileEncoding = 4; lastKnownFileType = sourcecode.swift; path = NewMusicViewController.swift; sourceTree = "<group>"; };
		72CCC3401B87632800A359C8 /* Music.swift */ = {isa = PBXFileReference; fileEncoding = 4; lastKnownFileType = sourcecode.swift; path = Music.swift; sourceTree = "<group>"; };
/* End PBXFileReference section */

/* Begin PBXFrameworksBuildPhase section */
		72CCC3111B875F4F00A359C8 /* Frameworks */ = {
			isa = PBXFrameworksBuildPhase;
			buildActionMask = 2147483647;
			files = (
			);
			runOnlyForDeploymentPostprocessing = 0;
		};
		72CCC3291B875F4F00A359C8 /* Frameworks */ = {
			isa = PBXFrameworksBuildPhase;
			buildActionMask = 2147483647;
			files = (
			);
			runOnlyForDeploymentPostprocessing = 0;
		};
/* End PBXFrameworksBuildPhase section */

/* Begin PBXGroup section */
		72CCC30B1B875F4F00A359C8 = {
			isa = PBXGroup;
			children = (
				72CCC3161B875F4F00A359C8 /* The59Sounds */,
				72CCC32F1B875F4F00A359C8 /* The59SoundsTests */,
				72CCC3151B875F4F00A359C8 /* Products */,
			);
			sourceTree = "<group>";
		};
		72CCC3151B875F4F00A359C8 /* Products */ = {
			isa = PBXGroup;
			children = (
				72CCC3141B875F4F00A359C8 /* The59Sounds.app */,
				72CCC32C1B875F4F00A359C8 /* The59SoundsTests.xctest */,
			);
			name = Products;
			sourceTree = "<group>";
		};
		72CCC3161B875F4F00A359C8 /* The59Sounds */ = {
			isa = PBXGroup;
			children = (
				72CCC3191B875F4F00A359C8 /* AppDelegate.swift */,
				72CCC3401B87632800A359C8 /* Music.swift */,
				72CCC3201B875F4F00A359C8 /* Main.storyboard */,
				72CCC33C1B87603200A359C8 /* MusicListTableViewController.swift */,
				72CCC3231B875F4F00A359C8 /* Images.xcassets */,
				72CCC3251B875F4F00A359C8 /* LaunchScreen.xib */,
				72CCC31B1B875F4F00A359C8 /* The59Sounds.xcdatamodeld */,
				72CCC3171B875F4F00A359C8 /* Supporting Files */,
				72CCC33E1B87628300A359C8 /* NewMusicViewController.swift */,
				721876E41B87684700581701 /* MusicTableViewCell.swift */,
			);
			path = The59Sounds;
			sourceTree = "<group>";
		};
		72CCC3171B875F4F00A359C8 /* Supporting Files */ = {
			isa = PBXGroup;
			children = (
				72CCC3181B875F4F00A359C8 /* Info.plist */,
			);
			name = "Supporting Files";
			sourceTree = "<group>";
		};
		72CCC32F1B875F4F00A359C8 /* The59SoundsTests */ = {
			isa = PBXGroup;
			children = (
				72CCC3321B875F4F00A359C8 /* The59SoundsTests.swift */,
				72CCC3301B875F4F00A359C8 /* Supporting Files */,
			);
			path = The59SoundsTests;
			sourceTree = "<group>";
		};
		72CCC3301B875F4F00A359C8 /* Supporting Files */ = {
			isa = PBXGroup;
			children = (
				72CCC3311B875F4F00A359C8 /* Info.plist */,
			);
			name = "Supporting Files";
			sourceTree = "<group>";
		};
/* End PBXGroup section */

/* Begin PBXNativeTarget section */
		72CCC3131B875F4F00A359C8 /* The59Sounds */ = {
			isa = PBXNativeTarget;
			buildConfigurationList = 72CCC3361B875F4F00A359C8 /* Build configuration list for PBXNativeTarget "The59Sounds" */;
			buildPhases = (
				72CCC3101B875F4F00A359C8 /* Sources */,
				72CCC3111B875F4F00A359C8 /* Frameworks */,
				72CCC3121B875F4F00A359C8 /* Resources */,
			);
			buildRules = (
			);
			dependencies = (
			);
			name = The59Sounds;
			productName = The59Sounds;
			productReference = 72CCC3141B875F4F00A359C8 /* The59Sounds.app */;
			productType = "com.apple.product-type.application";
		};
		72CCC32B1B875F4F00A359C8 /* The59SoundsTests */ = {
			isa = PBXNativeTarget;
			buildConfigurationList = 72CCC3391B875F4F00A359C8 /* Build configuration list for PBXNativeTarget "The59SoundsTests" */;
			buildPhases = (
				72CCC3281B875F4F00A359C8 /* Sources */,
				72CCC3291B875F4F00A359C8 /* Frameworks */,
				72CCC32A1B875F4F00A359C8 /* Resources */,
			);
			buildRules = (
			);
			dependencies = (
				72CCC32E1B875F4F00A359C8 /* PBXTargetDependency */,
			);
			name = The59SoundsTests;
			productName = The59SoundsTests;
			productReference = 72CCC32C1B875F4F00A359C8 /* The59SoundsTests.xctest */;
			productType = "com.apple.product-type.bundle.unit-test";
		};
/* End PBXNativeTarget section */

/* Begin PBXProject section */
		72CCC30C1B875F4F00A359C8 /* Project object */ = {
			isa = PBXProject;
			attributes = {
				LastUpgradeCheck = 0640;
				ORGANIZATIONNAME = himynameisgustavo;
				TargetAttributes = {
					72CCC3131B875F4F00A359C8 = {
						CreatedOnToolsVersion = 6.4;
					};
					72CCC32B1B875F4F00A359C8 = {
						CreatedOnToolsVersion = 6.4;
						TestTargetID = 72CCC3131B875F4F00A359C8;
					};
				};
			};
			buildConfigurationList = 72CCC30F1B875F4F00A359C8 /* Build configuration list for PBXProject "The59Sounds" */;
			compatibilityVersion = "Xcode 3.2";
			developmentRegion = English;
			hasScannedForEncodings = 0;
			knownRegions = (
				en,
				Base,
			);
			mainGroup = 72CCC30B1B875F4F00A359C8;
			productRefGroup = 72CCC3151B875F4F00A359C8 /* Products */;
			projectDirPath = "";
			projectRoot = "";
			targets = (
				72CCC3131B875F4F00A359C8 /* The59Sounds */,
				72CCC32B1B875F4F00A359C8 /* The59SoundsTests */,
			);
		};
/* End PBXProject section */

/* Begin PBXResourcesBuildPhase section */
		72CCC3121B875F4F00A359C8 /* Resources */ = {
			isa = PBXResourcesBuildPhase;
			buildActionMask = 2147483647;
			files = (
				72CCC3221B875F4F00A359C8 /* Main.storyboard in Resources */,
				72CCC3271B875F4F00A359C8 /* LaunchScreen.xib in Resources */,
				72CCC3241B875F4F00A359C8 /* Images.xcassets in Resources */,
			);
			runOnlyForDeploymentPostprocessing = 0;
		};
		72CCC32A1B875F4F00A359C8 /* Resources */ = {
			isa = PBXResourcesBuildPhase;
			buildActionMask = 2147483647;
			files = (
			);
			runOnlyForDeploymentPostprocessing = 0;
		};
/* End PBXResourcesBuildPhase section */

/* Begin PBXSourcesBuildPhase section */
		72CCC3101B875F4F00A359C8 /* Sources */ = {
			isa = PBXSourcesBuildPhase;
			buildActionMask = 2147483647;
			files = (
				72CCC31A1B875F4F00A359C8 /* AppDelegate.swift in Sources */,
				72CCC31D1B875F4F00A359C8 /* The59Sounds.xcdatamodeld in Sources */,
				72CCC33F1B87628300A359C8 /* NewMusicViewController.swift in Sources */,
				72CCC33D1B87603200A359C8 /* MusicListTableViewController.swift in Sources */,
				72CCC3411B87632800A359C8 /* Music.swift in Sources */,
				721876E51B87684700581701 /* MusicTableViewCell.swift in Sources */,
			);
			runOnlyForDeploymentPostprocessing = 0;
		};
		72CCC3281B875F4F00A359C8 /* Sources */ = {
			isa = PBXSourcesBuildPhase;
			buildActionMask = 2147483647;
			files = (
				72CCC3331B875F4F00A359C8 /* The59SoundsTests.swift in Sources */,
			);
			runOnlyForDeploymentPostprocessing = 0;
		};
/* End PBXSourcesBuildPhase section */

/* Begin PBXTargetDependency section */
		72CCC32E1B875F4F00A359C8 /* PBXTargetDependency */ = {
			isa = PBXTargetDependency;
			target = 72CCC3131B875F4F00A359C8 /* The59Sounds */;
			targetProxy = 72CCC32D1B875F4F00A359C8 /* PBXContainerItemProxy */;
		};
/* End PBXTargetDependency section */

/* Begin PBXVariantGroup section */
		72CCC3201B875F4F00A359C8 /* Main.storyboard */ = {
			isa = PBXVariantGroup;
			children = (
				72CCC3211B875F4F00A359C8 /* Base */,
			);
			name = Main.storyboard;
			sourceTree = "<group>";
		};
		72CCC3251B875F4F00A359C8 /* LaunchScreen.xib */ = {
			isa = PBXVariantGroup;
			children = (
				72CCC3261B875F4F00A359C8 /* Base */,
			);
			name = LaunchScreen.xib;
			sourceTree = "<group>";
		};
/* End PBXVariantGroup section */

/* Begin XCBuildConfiguration section */
		72CCC3341B875F4F00A359C8 /* Debug */ = {
			isa = XCBuildConfiguration;
			buildSettings = {
				ALWAYS_SEARCH_USER_PATHS = NO;
				CLANG_CXX_LANGUAGE_STANDARD = "gnu++0x";
				CLANG_CXX_LIBRARY = "libc++";
				CLANG_ENABLE_MODULES = YES;
				CLANG_ENABLE_OBJC_ARC = YES;
				CLANG_WARN_BOOL_CONVERSION = YES;
				CLANG_WARN_CONSTANT_CONVERSION = YES;
				CLANG_WARN_DIRECT_OBJC_ISA_USAGE = YES_ERROR;
				CLANG_WARN_EMPTY_BODY = YES;
				CLANG_WARN_ENUM_CONVERSION = YES;
				CLANG_WARN_INT_CONVERSION = YES;
				CLANG_WARN_OBJC_ROOT_CLASS = YES_ERROR;
				CLANG_WARN_UNREACHABLE_CODE = YES;
				CLANG_WARN__DUPLICATE_METHOD_MATCH = YES;
				"CODE_SIGN_IDENTITY[sdk=iphoneos*]" = "iPhone Developer";
				COPY_PHASE_STRIP = NO;
				DEBUG_INFORMATION_FORMAT = "dwarf-with-dsym";
				ENABLE_STRICT_OBJC_MSGSEND = YES;
				GCC_C_LANGUAGE_STANDARD = gnu99;
				GCC_DYNAMIC_NO_PIC = NO;
				GCC_NO_COMMON_BLOCKS = YES;
				GCC_OPTIMIZATION_LEVEL = 0;
				GCC_PREPROCESSOR_DEFINITIONS = (
					"DEBUG=1",
					"$(inherited)",
				);
				GCC_SYMBOLS_PRIVATE_EXTERN = NO;
				GCC_WARN_64_TO_32_BIT_CONVERSION = YES;
				GCC_WARN_ABOUT_RETURN_TYPE = YES_ERROR;
				GCC_WARN_UNDECLARED_SELECTOR = YES;
				GCC_WARN_UNINITIALIZED_AUTOS = YES_AGGRESSIVE;
				GCC_WARN_UNUSED_FUNCTION = YES;
				GCC_WARN_UNUSED_VARIABLE = YES;
				IPHONEOS_DEPLOYMENT_TARGET = 8.4;
				MTL_ENABLE_DEBUG_INFO = YES;
				ONLY_ACTIVE_ARCH = YES;
				SDKROOT = iphoneos;
				SWIFT_OPTIMIZATION_LEVEL = "-Onone";
			};
			name = Debug;
		};
		72CCC3351B875F4F00A359C8 /* Release */ = {
			isa = XCBuildConfiguration;
			buildSettings = {
				ALWAYS_SEARCH_USER_PATHS = NO;
				CLANG_CXX_LANGUAGE_STANDARD = "gnu++0x";
				CLANG_CXX_LIBRARY = "libc++";
				CLANG_ENABLE_MODULES = YES;
				CLANG_ENABLE_OBJC_ARC = YES;
				CLANG_WARN_BOOL_CONVERSION = YES;
				CLANG_WARN_CONSTANT_CONVERSION = YES;
				CLANG_WARN_DIRECT_OBJC_ISA_USAGE = YES_ERROR;
				CLANG_WARN_EMPTY_BODY = YES;
				CLANG_WARN_ENUM_CONVERSION = YES;
				CLANG_WARN_INT_CONVERSION = YES;
				CLANG_WARN_OBJC_ROOT_CLASS = YES_ERROR;
				CLANG_WARN_UNREACHABLE_CODE = YES;
				CLANG_WARN__DUPLICATE_METHOD_MATCH = YES;
				"CODE_SIGN_IDENTITY[sdk=iphoneos*]" = "iPhone Developer";
				COPY_PHASE_STRIP = NO;
				DEBUG_INFORMATION_FORMAT = "dwarf-with-dsym";
				ENABLE_NS_ASSERTIONS = NO;
				ENABLE_STRICT_OBJC_MSGSEND = YES;
				GCC_C_LANGUAGE_STANDARD = gnu99;
				GCC_NO_COMMON_BLOCKS = YES;
				GCC_WARN_64_TO_32_BIT_CONVERSION = YES;
				GCC_WARN_ABOUT_RETURN_TYPE = YES_ERROR;
				GCC_WARN_UNDECLARED_SELECTOR = YES;
				GCC_WARN_UNINITIALIZED_AUTOS = YES_AGGRESSIVE;
				GCC_WARN_UNUSED_FUNCTION = YES;
				GCC_WARN_UNUSED_VARIABLE = YES;
				IPHONEOS_DEPLOYMENT_TARGET = 8.4;
				MTL_ENABLE_DEBUG_INFO = NO;
				SDKROOT = iphoneos;
				VALIDATE_PRODUCT = YES;
			};
			name = Release;
		};
		72CCC3371B875F4F00A359C8 /* Debug */ = {
			isa = XCBuildConfiguration;
			buildSettings = {
				ASSETCATALOG_COMPILER_APPICON_NAME = AppIcon;
				INFOPLIST_FILE = The59Sounds/Info.plist;
				LD_RUNPATH_SEARCH_PATHS = "$(inherited) @executable_path/Frameworks";
				PRODUCT_NAME = "$(TARGET_NAME)";
			};
			name = Debug;
		};
		72CCC3381B875F4F00A359C8 /* Release */ = {
			isa = XCBuildConfiguration;
			buildSettings = {
				ASSETCATALOG_COMPILER_APPICON_NAME = AppIcon;
				INFOPLIST_FILE = The59Sounds/Info.plist;
				LD_RUNPATH_SEARCH_PATHS = "$(inherited) @executable_path/Frameworks";
				PRODUCT_NAME = "$(TARGET_NAME)";
			};
			name = Release;
		};
		72CCC33A1B875F4F00A359C8 /* Debug */ = {
			isa = XCBuildConfiguration;
			buildSettings = {
				BUNDLE_LOADER = "$(TEST_HOST)";
				FRAMEWORK_SEARCH_PATHS = (
					"$(SDKROOT)/Developer/Library/Frameworks",
					"$(inherited)",
				);
				GCC_PREPROCESSOR_DEFINITIONS = (
					"DEBUG=1",
					"$(inherited)",
				);
				INFOPLIST_FILE = The59SoundsTests/Info.plist;
				LD_RUNPATH_SEARCH_PATHS = "$(inherited) @executable_path/Frameworks @loader_path/Frameworks";
				PRODUCT_NAME = "$(TARGET_NAME)";
				TEST_HOST = "$(BUILT_PRODUCTS_DIR)/The59Sounds.app/The59Sounds";
			};
			name = Debug;
		};
		72CCC33B1B875F4F00A359C8 /* Release */ = {
			isa = XCBuildConfiguration;
			buildSettings = {
				BUNDLE_LOADER = "$(TEST_HOST)";
				FRAMEWORK_SEARCH_PATHS = (
					"$(SDKROOT)/Developer/Library/Frameworks",
					"$(inherited)",
				);
				INFOPLIST_FILE = The59SoundsTests/Info.plist;
				LD_RUNPATH_SEARCH_PATHS = "$(inherited) @executable_path/Frameworks @loader_path/Frameworks";
				PRODUCT_NAME = "$(TARGET_NAME)";
				TEST_HOST = "$(BUILT_PRODUCTS_DIR)/The59Sounds.app/The59Sounds";
			};
			name = Release;
		};
/* End XCBuildConfiguration section */

/* Begin XCConfigurationList section */
		72CCC30F1B875F4F00A359C8 /* Build configuration list for PBXProject "The59Sounds" */ = {
			isa = XCConfigurationList;
			buildConfigurations = (
				72CCC3341B875F4F00A359C8 /* Debug */,
				72CCC3351B875F4F00A359C8 /* Release */,
			);
			defaultConfigurationIsVisible = 0;
			defaultConfigurationName = Release;
		};
		72CCC3361B875F4F00A359C8 /* Build configuration list for PBXNativeTarget "The59Sounds" */ = {
			isa = XCConfigurationList;
			buildConfigurations = (
				72CCC3371B875F4F00A359C8 /* Debug */,
				72CCC3381B875F4F00A359C8 /* Release */,
			);
			defaultConfigurationIsVisible = 0;
			defaultConfigurationName = Release;
		};
		72CCC3391B875F4F00A359C8 /* Build configuration list for PBXNativeTarget "The59SoundsTests" */ = {
			isa = XCConfigurationList;
			buildConfigurations = (
				72CCC33A1B875F4F00A359C8 /* Debug */,
				72CCC33B1B875F4F00A359C8 /* Release */,
			);
			defaultConfigurationIsVisible = 0;
			defaultConfigurationName = Release;
		};
/* End XCConfigurationList section */

/* Begin XCVersionGroup section */
		72CCC31B1B875F4F00A359C8 /* The59Sounds.xcdatamodeld */ = {
			isa = XCVersionGroup;
			children = (
				72CCC31C1B875F4F00A359C8 /* The59Sounds.xcdatamodel */,
			);
			currentVersion = 72CCC31C1B875F4F00A359C8 /* The59Sounds.xcdatamodel */;
			path = The59Sounds.xcdatamodeld;
			sourceTree = "<group>";
			versionGroupType = wrapper.xcdatamodel;
		};
/* End XCVersionGroup section */
	};
	rootObject = 72CCC30C1B875F4F00A359C8 /* Project object */;
}
